<?xml version="1.0" encoding="UTF-8" standalone="yes" ?>
<CodeBlocks_project_file>
	<FileVersion major="1" minor="6" />
	<Project>
		<Option title="tl" />
		<Option pch_mode="0" />
		<Option compiler="gcc" />
		<Build>
			<Target title="libinterpreter">
				<Option output="bin/libtlinterpreter" prefix_auto="1" extension_auto="1" />
				<Option type="3" />
				<Option compiler="gcc" />
				<Option createDefFile="1" />
				<Option createStaticLib="1" />
				<Compiler>
					<Add option="-fpic" />
				</Compiler>
				<Linker>
					<Add option="-lrt" />
					<Add option="-lgmpxx" />
					<Add option="-lgmp" />
				</Linker>
			</Target>
			<Target title="intlib">
				<Option output="bin/libint" prefix_auto="1" extension_auto="1" />
				<Option type="3" />
				<Option compiler="gcc" />
				<Option createDefFile="1" />
				<Option createStaticLib="1" />
				<Compiler>
					<Add option="-fpic" />
				</Compiler>
			</Target>
			<Target title="Debug">
				<Option output="bin/Debug/tl" prefix_auto="1" extension_auto="1" />
				<Option object_output="obj/Debug/" />
				<Option type="1" />
				<Option compiler="gcc" />
				<Compiler>
					<Add option="-g" />
				</Compiler>
				<Linker>
					<Add option="-Lbin" />
					<Add option="-ltlinterpreter" />
					<Add option="$(#boost.program_options)" />
				</Linker>
			</Target>
			<Target title="libprinter">
				<Option output="libprinter" prefix_auto="1" extension_auto="1" />
				<Option type="3" />
				<Option compiler="gcc" />
				<Option createDefFile="1" />
				<Option createStaticLib="1" />
				<Compiler>
					<Add option="-fPIC" />
				</Compiler>
			</Target>
			<Target title="interactive">
				<Option output="bin/interactive/tl" prefix_auto="1" extension_auto="1" />
				<Option working_dir="bin/interactive/" />
				<Option object_output="obj/interactive/" />
				<Option type="1" />
				<Option compiler="gcc" />
				<Compiler>
					<Add option="-O2" />
				</Compiler>
				<Linker>
					<Add option="-s" />
				</Linker>
			</Target>
		</Build>
		<VirtualTargets>
			<Add alias="all" targets="libinterpreter;intlib;Debug;libprinter;" />
		</VirtualTargets>
		<Compiler>
			<Add option="-Wall" />
			<Add option="-g" />
			<Add option="`pkg-config --cflags glibmm-2.4`" />
			<Add directory="src/include" />
			<Add directory="$(#boost.include)" />
		</Compiler>
		<Linker>
			<Add option="`pkg-config --libs glibmm-2.4`" />
			<Add option="-export-dynamic" />
			<Add library="pthread" />
			<Add library="ltdl" />
			<Add directory="$(#boost.lib)" />
		</Linker>
		<Unit filename="src/dirsystem/directory_system.cpp">
			<Option target="Debug" />
		</Unit>
		<Unit filename="src/dirsystem/directory_system.hpp">
			<Option target="Debug" />
		</Unit>
		<Unit filename="src/dirsystem/main.cpp">
			<Option target="Debug" />
			<Option target="interactive" />
		</Unit>
		<Unit filename="src/include/tl/builtin_types.hpp">
			<Option target="libinterpreter" />
			<Option target="interactive" />
		</Unit>
		<Unit filename="src/include/tl/cache.hpp">
			<Option target="libinterpreter" />
		</Unit>
		<Unit filename="src/include/tl/compiled_classes.hpp">
			<Option target="libinterpreter" />
		</Unit>
		<Unit filename="src/include/tl/constant_parser.hpp">
			<Option target="libinterpreter" />
			<Option target="interactive" />
		</Unit>
		<Unit filename="src/include/tl/dimtranslator.hpp">
			<Option target="libinterpreter" />
			<Option target="interactive" />
		</Unit>
		<Unit filename="src/include/tl/equation.hpp">
			<Option target="libinterpreter" />
		</Unit>
		<Unit filename="src/include/tl/evaluator.hpp">
			<Option target="libinterpreter" />
			<Option target="interactive" />
		</Unit>
		<Unit filename="src/include/tl/exception.hpp" />
		<Unit filename="src/include/tl/expr.hpp">
			<Option target="libinterpreter" />
			<Option target="interactive" />
		</Unit>
		<Unit filename="src/include/tl/expr_compiler.hpp">
			<Option target="libinterpreter" />
		</Unit>
		<Unit filename="src/include/tl/expr_parser.hpp" />
		<Unit filename="src/include/tl/header_type.hpp">
			<Option target="libinterpreter" />
		</Unit>
		<Unit filename="src/include/tl/hyperdaton.hpp">
			<Option target="libinterpreter" />
		</Unit>
		<Unit filename="src/include/tl/interpreter.hpp">
			<Option target="libinterpreter" />
			<Option target="interactive" />
		</Unit>
		<Unit filename="src/include/tl/library.hpp">
			<Option target="libinterpreter" />
			<Option target="interactive" />
		</Unit>
		<Unit filename="src/include/tl/parser.hpp">
			<Option target="libinterpreter" />
			<Option target="interactive" />
		</Unit>
		<Unit filename="src/include/tl/parser_fwd.hpp">
			<Option target="libinterpreter" />
			<Option target="interactive" />
		</Unit>
		<Unit filename="src/include/tl/parser_util.hpp">
			<Option target="libinterpreter" />
			<Option target="interactive" />
		</Unit>
		<Unit filename="src/include/tl/range.hpp">
			<Option target="libinterpreter" />
			<Option target="interactive" />
		</Unit>
		<Unit filename="src/include/tl/set_lazy_evaluator.hpp">
			<Option target="libinterpreter" />
		</Unit>
		<Unit filename="src/include/tl/tuple_parser.hpp">
			<Option target="libinterpreter" />
			<Option target="interactive" />
		</Unit>
		<Unit filename="src/include/tl/types.hpp">
			<Option target="libinterpreter" />
			<Option target="interactive" />
		</Unit>
		<Unit filename="src/include/tl/utility.hpp">
			<Option target="libinterpreter" />
		</Unit>
		<Unit filename="src/interactive/interactive.cpp">
			<Option target="interactive" />
		</Unit>
		<Unit filename="src/interactive/interactive.hpp">
			<Option target="interactive" />
		</Unit>
		<Unit filename="src/interactive/main.cpp">
			<Option target="interactive" />
		</Unit>
		<Unit filename="src/interactive/parser.hpp">
			<Option target="interactive" />
		</Unit>
		<Unit filename="src/libs/int/libint.cpp">
			<Option target="intlib" />
			<Option target="interactive" />
		</Unit>
		<Unit filename="src/libs/int/libint.hpp">
			<Option target="intlib" />
			<Option target="interactive" />
		</Unit>
		<Unit filename="src/libs/interpreter/builtin_types.cpp">
			<Option target="libinterpreter" />
		</Unit>
		<Unit filename="src/libs/interpreter/cache.cpp">
			<Option target="libinterpreter" />
		</Unit>
		<Unit filename="src/libs/interpreter/dimtranslator.cpp">
			<Option target="libinterpreter" />
			<Option target="interactive" />
		</Unit>
		<Unit filename="src/libs/interpreter/equation.cpp">
			<Option target="libinterpreter" />
		</Unit>
		<Unit filename="src/libs/interpreter/evaluator.cpp">
			<Option target="libinterpreter" />
			<Option target="interactive" />
		</Unit>
		<Unit filename="src/libs/interpreter/expr.cpp">
			<Option target="libinterpreter" />
			<Option target="interactive" />
		</Unit>
		<Unit filename="src/libs/interpreter/expr_compiler.cpp">
			<Option target="libinterpreter" />
		</Unit>
		<Unit filename="src/libs/interpreter/header_type.cpp">
			<Option target="libinterpreter" />
		</Unit>
		<Unit filename="src/libs/interpreter/interpreter.cpp">
			<Option target="libinterpreter" />
			<Option target="interactive" />
		</Unit>
		<Unit filename="src/libs/interpreter/interpreter_constant.cpp">
			<Option target="libinterpreter" />
			<Option target="interactive" />
		</Unit>
		<Unit filename="src/libs/interpreter/interpreter_expr.cpp">
			<Option target="libinterpreter" />
			<Option target="interactive" />
		</Unit>
		<Unit filename="src/libs/interpreter/interpreter_tuple.cpp">
			<Option target="libinterpreter" />
			<Option target="interactive" />
		</Unit>
		<Unit filename="src/libs/interpreter/library.cpp">
			<Option target="libinterpreter" />
			<Option target="interactive" />
		</Unit>
		<Unit filename="src/libs/interpreter/parser.cpp">
			<Option target="libinterpreter" />
			<Option target="interactive" />
		</Unit>
		<Unit filename="src/libs/interpreter/range.cpp">
			<Option target="libinterpreter" />
			<Option target="interactive" />
		</Unit>
		<Unit filename="src/libs/interpreter/set_lazy_evaluator.cpp">
			<Option target="libinterpreter" />
		</Unit>
		<Unit filename="src/libs/interpreter/types.cpp">
			<Option target="libinterpreter" />
			<Option target="interactive" />
		</Unit>
		<Unit filename="src/libs/printer/printer.cpp">
			<Option target="libprinter" />
			<Option target="interactive" />
		</Unit>
		<Extensions>
			<code_completion />
			<envvars />
			<debugger />
			<lib_finder disable_auto="1" />
		</Extensions>
	</Project>
</CodeBlocks_project_file>
